
Microsoft Visual Studio Solution File, Format Version 12.00
# Visual Studio 15
Project("{FAE04EC0-301F-11D3-BF4B-00C04F79EFBC}") = "Unity.InputSystem", "Unity.InputSystem.csproj", "{31FCE0FB-3226-83DE-9C81-32781A2A186B}"
EndProject
Project("{FAE04EC0-301F-11D3-BF4B-00C04F79EFBC}") = "UnityEngine.TestRunner", "UnityEngine.TestRunner.csproj", "{93626D74-3BF5-1F44-0B8D-D859E7760D5A}"
EndProject
Project("{FAE04EC0-301F-11D3-BF4B-00C04F79EFBC}") = "Unity.Multiplayer.Center.Editor", "Unity.Multiplayer.Center.Editor.csproj", "{6251D88C-92A6-052E-FE71-BB930116E2DC}"
EndProject
Project("{FAE04EC0-301F-11D3-BF4B-00C04F79EFBC}") = "UnityEditor.TestRunner", "UnityEditor.TestRunner.csproj", "{6B0E59E2-FF20-2FDB-64EE-2A131087EF32}"
EndProject
Project("{FAE04EC0-301F-11D3-BF4B-00C04F79EFBC}") = "Unity.InputSystem.ForUI.Editor", "Unity.InputSystem.ForUI.Editor.csproj", "{7EE85986-E484-BF78-A1CD-A8677C9145AD}"
EndProject
Project("{FAE04EC0-301F-11D3-BF4B-00C04F79EFBC}") = "Unity.VisualStudio.Editor", "Unity.VisualStudio.Editor.csproj", "{B025F9AD-B6C3-4497-B396-8DF5391F5D49}"
EndProject
Project("{FAE04EC0-301F-11D3-BF4B-00C04F79EFBC}") = "Unity.InputSystem.TestFramework", "Unity.InputSystem.TestFramework.csproj", "{005C86E6-706E-2D8F-D2DB-2F0DDEC5832C}"
EndProject
Project("{FAE04EC0-301F-11D3-BF4B-00C04F79EFBC}") = "Unity.InputSystem.ForUI", "Unity.InputSystem.ForUI.csproj", "{445EAA20-F8CF-0CF9-8719-28080521D109}"
EndProject
Project("{FAE04EC0-301F-11D3-BF4B-00C04F79EFBC}") = "Unity.Multiplayer.Center.Common", "Unity.Multiplayer.Center.Common.csproj", "{D3FAD2A8-CF27-4C8F-B275-2C21BDBCCA08}"
EndProject
Project("{FAE04EC0-301F-11D3-BF4B-00C04F79EFBC}") = "Unity.InputSystem.DocCodeSamples", "Unity.InputSystem.DocCodeSamples.csproj", "{0E2D8143-1CFB-9E82-FB1C-31CECED7A724}"
EndProject
Project("{FAE04EC0-301F-11D3-BF4B-00C04F79EFBC}") = "Assembly-CSharp", "Assembly-CSharp.csproj", "{80D4C52B-A4B7-0D07-0171-387161B078F9}"
EndProject
Project("{FAE04EC0-301F-11D3-BF4B-00C04F79EFBC}") = "Assembly-CSharp-Editor", "Assembly-CSharp-Editor.csproj", "{F4BE470D-CD32-13D1-8A50-33B138191FD8}"
EndProject
Project("{FAE04EC0-301F-11D3-BF4B-00C04F79EFBC}") = "Unity.InputSystem", "Unity.InputSystem.Player.csproj", "{CE21E237-E186-4A0A-2E0C-FF9773F37759}"
EndProject
Project("{FAE04EC0-301F-11D3-BF4B-00C04F79EFBC}") = "UnityEngine.TestRunner", "UnityEngine.TestRunner.Player.csproj", "{6037BDAF-DE3D-0811-08CF-9D7821078DA3}"
EndProject
Project("{FAE04EC0-301F-11D3-BF4B-00C04F79EFBC}") = "Unity.InputSystem.TestFramework", "Unity.InputSystem.TestFramework.Player.csproj", "{62F6750D-A629-429D-1C92-4F75D065D9AA}"
EndProject
Project("{FAE04EC0-301F-11D3-BF4B-00C04F79EFBC}") = "Unity.InputSystem.ForUI", "Unity.InputSystem.ForUI.Player.csproj", "{AC97BA32-433D-E251-A2DE-7ECBB19A0660}"
EndProject
Project("{FAE04EC0-301F-11D3-BF4B-00C04F79EFBC}") = "Unity.Multiplayer.Center.Common", "Unity.Multiplayer.Center.Common.Player.csproj", "{6D73B87C-E4C6-0A3B-6F83-1B47C0631B22}"
EndProject
Project("{FAE04EC0-301F-11D3-BF4B-00C04F79EFBC}") = "Assembly-CSharp", "Assembly-CSharp.Player.csproj", "{E8D8C797-CC4B-BC3D-E828-D75BA94D6524}"
EndProject
Global
	GlobalSection(SolutionConfigurationPlatforms) = preSolution
		Debug|Any CPU = Debug|Any CPU
		Release|Any CPU = Release|Any CPU
	EndGlobalSection
	GlobalSection(ProjectConfigurationPlatforms) = postSolution
		{31FCE0FB-3226-83DE-9C81-32781A2A186B}.Debug|Any CPU.ActiveCfg = Debug|Any CPU
		{31FCE0FB-3226-83DE-9C81-32781A2A186B}.Debug|Any CPU.Build.0 = Debug|Any CPU
		{31FCE0FB-3226-83DE-9C81-32781A2A186B}.Release|Any CPU.ActiveCfg = Release|Any CPU
		{31FCE0FB-3226-83DE-9C81-32781A2A186B}.Release|Any CPU.Build.0 = Release|Any CPU
		{93626D74-3BF5-1F44-0B8D-D859E7760D5A}.Debug|Any CPU.ActiveCfg = Debug|Any CPU
		{93626D74-3BF5-1F44-0B8D-D859E7760D5A}.Debug|Any CPU.Build.0 = Debug|Any CPU
		{93626D74-3BF5-1F44-0B8D-D859E7760D5A}.Release|Any CPU.ActiveCfg = Release|Any CPU
		{93626D74-3BF5-1F44-0B8D-D859E7760D5A}.Release|Any CPU.Build.0 = Release|Any CPU
		{6251D88C-92A6-052E-FE71-BB930116E2DC}.Debug|Any CPU.ActiveCfg = Debug|Any CPU
		{6251D88C-92A6-052E-FE71-BB930116E2DC}.Debug|Any CPU.Build.0 = Debug|Any CPU
		{6251D88C-92A6-052E-FE71-BB930116E2DC}.Release|Any CPU.ActiveCfg = Release|Any CPU
		{6251D88C-92A6-052E-FE71-BB930116E2DC}.Release|Any CPU.Build.0 = Release|Any CPU
		{6B0E59E2-FF20-2FDB-64EE-2A131087EF32}.Debug|Any CPU.ActiveCfg = Debug|Any CPU
		{6B0E59E2-FF20-2FDB-64EE-2A131087EF32}.Debug|Any CPU.Build.0 = Debug|Any CPU
		{6B0E59E2-FF20-2FDB-64EE-2A131087EF32}.Release|Any CPU.ActiveCfg = Release|Any CPU
		{6B0E59E2-FF20-2FDB-64EE-2A131087EF32}.Release|Any CPU.Build.0 = Release|Any CPU
		{7EE85986-E484-BF78-A1CD-A8677C9145AD}.Debug|Any CPU.ActiveCfg = Debug|Any CPU
		{7EE85986-E484-BF78-A1CD-A8677C9145AD}.Debug|Any CPU.Build.0 = Debug|Any CPU
		{7EE85986-E484-BF78-A1CD-A8677C9145AD}.Release|Any CPU.ActiveCfg = Release|Any CPU
		{7EE85986-E484-BF78-A1CD-A8677C9145AD}.Release|Any CPU.Build.0 = Release|Any CPU
		{B025F9AD-B6C3-4497-B396-8DF5391F5D49}.Debug|Any CPU.ActiveCfg = Debug|Any CPU
		{B025F9AD-B6C3-4497-B396-8DF5391F5D49}.Debug|Any CPU.Build.0 = Debug|Any CPU
		{B025F9AD-B6C3-4497-B396-8DF5391F5D49}.Release|Any CPU.ActiveCfg = Release|Any CPU
		{B025F9AD-B6C3-4497-B396-8DF5391F5D49}.Release|Any CPU.Build.0 = Release|Any CPU
		{005C86E6-706E-2D8F-D2DB-2F0DDEC5832C}.Debug|Any CPU.ActiveCfg = Debug|Any CPU
		{005C86E6-706E-2D8F-D2DB-2F0DDEC5832C}.Debug|Any CPU.Build.0 = Debug|Any CPU
		{005C86E6-706E-2D8F-D2DB-2F0DDEC5832C}.Release|Any CPU.ActiveCfg = Release|Any CPU
		{005C86E6-706E-2D8F-D2DB-2F0DDEC5832C}.Release|Any CPU.Build.0 = Release|Any CPU
		{445EAA20-F8CF-0CF9-8719-28080521D109}.Debug|Any CPU.ActiveCfg = Debug|Any CPU
		{445EAA20-F8CF-0CF9-8719-28080521D109}.Debug|Any CPU.Build.0 = Debug|Any CPU
		{445EAA20-F8CF-0CF9-8719-28080521D109}.Release|Any CPU.ActiveCfg = Release|Any CPU
		{445EAA20-F8CF-0CF9-8719-28080521D109}.Release|Any CPU.Build.0 = Release|Any CPU
		{D3FAD2A8-CF27-4C8F-B275-2C21BDBCCA08}.Debug|Any CPU.ActiveCfg = Debug|Any CPU
		{D3FAD2A8-CF27-4C8F-B275-2C21BDBCCA08}.Debug|Any CPU.Build.0 = Debug|Any CPU
		{D3FAD2A8-CF27-4C8F-B275-2C21BDBCCA08}.Release|Any CPU.ActiveCfg = Release|Any CPU
		{D3FAD2A8-CF27-4C8F-B275-2C21BDBCCA08}.Release|Any CPU.Build.0 = Release|Any CPU
		{0E2D8143-1CFB-9E82-FB1C-31CECED7A724}.Debug|Any CPU.ActiveCfg = Debug|Any CPU
		{0E2D8143-1CFB-9E82-FB1C-31CECED7A724}.Debug|Any CPU.Build.0 = Debug|Any CPU
		{0E2D8143-1CFB-9E82-FB1C-31CECED7A724}.Release|Any CPU.ActiveCfg = Release|Any CPU
		{0E2D8143-1CFB-9E82-FB1C-31CECED7A724}.Release|Any CPU.Build.0 = Release|Any CPU
		{80D4C52B-A4B7-0D07-0171-387161B078F9}.Debug|Any CPU.ActiveCfg = Debug|Any CPU
		{80D4C52B-A4B7-0D07-0171-387161B078F9}.Debug|Any CPU.Build.0 = Debug|Any CPU
		{80D4C52B-A4B7-0D07-0171-387161B078F9}.Release|Any CPU.ActiveCfg = Release|Any CPU
		{80D4C52B-A4B7-0D07-0171-387161B078F9}.Release|Any CPU.Build.0 = Release|Any CPU
		{F4BE470D-CD32-13D1-8A50-33B138191FD8}.Debug|Any CPU.ActiveCfg = Debug|Any CPU
		{F4BE470D-CD32-13D1-8A50-33B138191FD8}.Debug|Any CPU.Build.0 = Debug|Any CPU
		{F4BE470D-CD32-13D1-8A50-33B138191FD8}.Release|Any CPU.ActiveCfg = Release|Any CPU
		{F4BE470D-CD32-13D1-8A50-33B138191FD8}.Release|Any CPU.Build.0 = Release|Any CPU
		{CE21E237-E186-4A0A-2E0C-FF9773F37759}.Debug|Any CPU.ActiveCfg = Debug|Any CPU
		{CE21E237-E186-4A0A-2E0C-FF9773F37759}.Debug|Any CPU.Build.0 = Debug|Any CPU
		{CE21E237-E186-4A0A-2E0C-FF9773F37759}.Release|Any CPU.ActiveCfg = Release|Any CPU
		{CE21E237-E186-4A0A-2E0C-FF9773F37759}.Release|Any CPU.Build.0 = Release|Any CPU
		{6037BDAF-DE3D-0811-08CF-9D7821078DA3}.Debug|Any CPU.ActiveCfg = Debug|Any CPU
		{6037BDAF-DE3D-0811-08CF-9D7821078DA3}.Debug|Any CPU.Build.0 = Debug|Any CPU
		{6037BDAF-DE3D-0811-08CF-9D7821078DA3}.Release|Any CPU.ActiveCfg = Release|Any CPU
		{6037BDAF-DE3D-0811-08CF-9D7821078DA3}.Release|Any CPU.Build.0 = Release|Any CPU
		{62F6750D-A629-429D-1C92-4F75D065D9AA}.Debug|Any CPU.ActiveCfg = Debug|Any CPU
		{62F6750D-A629-429D-1C92-4F75D065D9AA}.Debug|Any CPU.Build.0 = Debug|Any CPU
		{62F6750D-A629-429D-1C92-4F75D065D9AA}.Release|Any CPU.ActiveCfg = Release|Any CPU
		{62F6750D-A629-429D-1C92-4F75D065D9AA}.Release|Any CPU.Build.0 = Release|Any CPU
		{AC97BA32-433D-E251-A2DE-7ECBB19A0660}.Debug|Any CPU.ActiveCfg = Debug|Any CPU
		{AC97BA32-433D-E251-A2DE-7ECBB19A0660}.Debug|Any CPU.Build.0 = Debug|Any CPU
		{AC97BA32-433D-E251-A2DE-7ECBB19A0660}.Release|Any CPU.ActiveCfg = Release|Any CPU
		{AC97BA32-433D-E251-A2DE-7ECBB19A0660}.Release|Any CPU.Build.0 = Release|Any CPU
		{6D73B87C-E4C6-0A3B-6F83-1B47C0631B22}.Debug|Any CPU.ActiveCfg = Debug|Any CPU
		{6D73B87C-E4C6-0A3B-6F83-1B47C0631B22}.Debug|Any CPU.Build.0 = Debug|Any CPU
		{6D73B87C-E4C6-0A3B-6F83-1B47C0631B22}.Release|Any CPU.ActiveCfg = Release|Any CPU
		{6D73B87C-E4C6-0A3B-6F83-1B47C0631B22}.Release|Any CPU.Build.0 = Release|Any CPU
		{E8D8C797-CC4B-BC3D-E828-D75BA94D6524}.Debug|Any CPU.ActiveCfg = Debug|Any CPU
		{E8D8C797-CC4B-BC3D-E828-D75BA94D6524}.Debug|Any CPU.Build.0 = Debug|Any CPU
		{E8D8C797-CC4B-BC3D-E828-D75BA94D6524}.Release|Any CPU.ActiveCfg = Release|Any CPU
		{E8D8C797-CC4B-BC3D-E828-D75BA94D6524}.Release|Any CPU.Build.0 = Release|Any CPU
	EndGlobalSection
	GlobalSection(SolutionProperties) = preSolution
		HideSolutionNode = FALSE
	EndGlobalSection
EndGlobal
